
Microsoft Visual Studio Solution File, Format Version 12.00
# Visual Studio Version 16
VisualStudioVersion = 16.0.30114.105
MinimumVisualStudioVersion = 10.0.40219.1
Project("{2150E333-8FDC-42A3-9474-1A3956D46DE8}") = "Submodules", "Submodules", "{BBC1FEAF-912B-44E1-9157-B9FFA61FAE8A}"
EndProject
Project("{9A19103F-16F7-4668-BE54-9A1E7A4F7556}") = "Harmony", "submodules\BepInEx\submodules\BepInEx.Harmony\submodules\Harmony\Harmony\Harmony.csproj", "{82BD554F-B647-4766-96D3-B47AE293DA9F}"
EndProject
Project("{FAE04EC0-301F-11D3-BF4B-00C04F79EFBC}") = "BepInEx.Harmony", "submodules\BepInEx\submodules\BepInEx.Harmony\BepInEx.Harmony\BepInEx.Harmony.csproj", "{54161CFE-FF42-4DDE-B161-3A49545DB5CD}"
EndProject
Project("{FAE04EC0-301F-11D3-BF4B-00C04F79EFBC}") = "BepInEx", "submodules\BepInEx\BepInEx\BepInEx.csproj", "{4FFBA620-F5ED-47F9-B90C-DAD1316FD9B9}"
EndProject
Project("{FAE04EC0-301F-11D3-BF4B-00C04F79EFBC}") = "BepInEx.Preloader", "submodules\BepInEx\BepInEx.Preloader\BepInEx.Preloader.csproj", "{F7ABBE07-C02F-4F7C-BF6E-C6656BF588CA}"
EndProject
Project("{2150E333-8FDC-42A3-9474-1A3956D46DE8}") = "Plugins", "Plugins", "{663E97A8-C1E4-46E7-8AC1-FEB9825E89B6}"
EndProject
Project("{FAE04EC0-301F-11D3-BF4B-00C04F79EFBC}") = "HunieMod", "HunieMod\HunieMod.csproj", "{827C84EB-7DD9-4C0D-B93E-1786EBD8ADF4}"
EndProject
Global
	GlobalSection(SolutionConfigurationPlatforms) = preSolution
		Debug|Any CPU = Debug|Any CPU
		Release|Any CPU = Release|Any CPU
	EndGlobalSection
	GlobalSection(ProjectConfigurationPlatforms) = postSolution
		{82BD554F-B647-4766-96D3-B47AE293DA9F}.Debug|Any CPU.ActiveCfg = Debug|Any CPU
		{82BD554F-B647-4766-96D3-B47AE293DA9F}.Debug|Any CPU.Build.0 = Debug|Any CPU
		{82BD554F-B647-4766-96D3-B47AE293DA9F}.Release|Any CPU.ActiveCfg = Release|Any CPU
		{82BD554F-B647-4766-96D3-B47AE293DA9F}.Release|Any CPU.Build.0 = Release|Any CPU
		{54161CFE-FF42-4DDE-B161-3A49545DB5CD}.Debug|Any CPU.ActiveCfg = Debug|Any CPU
		{54161CFE-FF42-4DDE-B161-3A49545DB5CD}.Debug|Any CPU.Build.0 = Debug|Any CPU
		{54161CFE-FF42-4DDE-B161-3A49545DB5CD}.Release|Any CPU.ActiveCfg = Release|Any CPU
		{54161CFE-FF42-4DDE-B161-3A49545DB5CD}.Release|Any CPU.Build.0 = Release|Any CPU
		{4FFBA620-F5ED-47F9-B90C-DAD1316FD9B9}.Debug|Any CPU.ActiveCfg = Debug|Any CPU
		{4FFBA620-F5ED-47F9-B90C-DAD1316FD9B9}.Debug|Any CPU.Build.0 = Debug|Any CPU
		{4FFBA620-F5ED-47F9-B90C-DAD1316FD9B9}.Release|Any CPU.ActiveCfg = Release|Any CPU
		{4FFBA620-F5ED-47F9-B90C-DAD1316FD9B9}.Release|Any CPU.Build.0 = Release|Any CPU
		{F7ABBE07-C02F-4F7C-BF6E-C6656BF588CA}.Debug|Any CPU.ActiveCfg = Release|Any CPU
		{F7ABBE07-C02F-4F7C-BF6E-C6656BF588CA}.Debug|Any CPU.Build.0 = Release|Any CPU
		{F7ABBE07-C02F-4F7C-BF6E-C6656BF588CA}.Release|Any CPU.ActiveCfg = Release|Any CPU
		{F7ABBE07-C02F-4F7C-BF6E-C6656BF588CA}.Release|Any CPU.Build.0 = Release|Any CPU
		{827C84EB-7DD9-4C0D-B93E-1786EBD8ADF4}.Debug|Any CPU.ActiveCfg = Debug|Any CPU
		{827C84EB-7DD9-4C0D-B93E-1786EBD8ADF4}.Debug|Any CPU.Build.0 = Debug|Any CPU
		{827C84EB-7DD9-4C0D-B93E-1786EBD8ADF4}.Release|Any CPU.ActiveCfg = Release|Any CPU
		{827C84EB-7DD9-4C0D-B93E-1786EBD8ADF4}.Release|Any CPU.Build.0 = Release|Any CPU
	EndGlobalSection
	GlobalSection(SolutionProperties) = preSolution
		HideSolutionNode = FALSE
	EndGlobalSection
	GlobalSection(NestedProjects) = preSolution
		{82BD554F-B647-4766-96D3-B47AE293DA9F} = {BBC1FEAF-912B-44E1-9157-B9FFA61FAE8A}
		{54161CFE-FF42-4DDE-B161-3A49545DB5CD} = {BBC1FEAF-912B-44E1-9157-B9FFA61FAE8A}
		{4FFBA620-F5ED-47F9-B90C-DAD1316FD9B9} = {BBC1FEAF-912B-44E1-9157-B9FFA61FAE8A}
		{F7ABBE07-C02F-4F7C-BF6E-C6656BF588CA} = {BBC1FEAF-912B-44E1-9157-B9FFA61FAE8A}
	EndGlobalSection
	GlobalSection(ExtensibilityGlobals) = postSolution
		SolutionGuid = {EEDB6C60-4507-4143-8723-916C338EED59}
	EndGlobalSection
EndGlobal
